
Microsoft Visual Studio Solution File, Format Version 12.00
# Visual Studio Version 16
VisualStudioVersion = 16.0.28803.202
MinimumVisualStudioVersion = 10.0.40219.1
Project("{FAE04EC0-301F-11D3-BF4B-00C04F79EFBC}") = "MostCommonValueNetFramework", "MostCommonValueNetFramework\MostCommonValueNetFramework.csproj", "{CE845DF5-5428-4A35-A018-43DEC2E5E4F6}"
EndProject
Global
	GlobalSection(SolutionConfigurationPlatforms) = preSolution
		Debug|Any CPU = Debug|Any CPU
		Release|Any CPU = Release|Any CPU
	EndGlobalSection
	GlobalSection(ProjectConfigurationPlatforms) = postSolution
		{CE845DF5-5428-4A35-A018-43DEC2E5E4F6}.Debug|Any CPU.ActiveCfg = Debug|Any CPU
		{CE845DF5-5428-4A35-A018-43DEC2E5E4F6}.Debug|Any CPU.Build.0 = Debug|Any CPU
		{CE845DF5-5428-4A35-A018-43DEC2E5E4F6}.Release|Any CPU.ActiveCfg = Release|Any CPU
		{CE845DF5-5428-4A35-A018-43DEC2E5E4F6}.Release|Any CPU.Build.0 = Release|Any CPU
	EndGlobalSection
	GlobalSection(SolutionProperties) = preSolution
		HideSolutionNode = FALSE
	EndGlobalSection
	GlobalSection(ExtensibilityGlobals) = postSolution
		SolutionGuid = {E969C4EF-AC1B-475E-875B-71D68C87B4EA}
	EndGlobalSection
EndGlobal
