
Microsoft Visual Studio Solution File, Format Version 12.00
# Visual Studio Version 16
VisualStudioVersion = 16.0.29102.190
MinimumVisualStudioVersion = 10.0.40219.1
Project("{FAE04EC0-301F-11D3-BF4B-00C04F79EFBC}") = "ArrayFunction1", "ArrayFunction1\ArrayFunction1.csproj", "{C96D9FDC-4DF3-44FA-861A-A52B98E76FD5}"
EndProject
Global
	GlobalSection(SolutionConfigurationPlatforms) = preSolution
		Debug|Any CPU = Debug|Any CPU
		Release|Any CPU = Release|Any CPU
	EndGlobalSection
	GlobalSection(ProjectConfigurationPlatforms) = postSolution
		{C96D9FDC-4DF3-44FA-861A-A52B98E76FD5}.Debug|Any CPU.ActiveCfg = Debug|Any CPU
		{C96D9FDC-4DF3-44FA-861A-A52B98E76FD5}.Debug|Any CPU.Build.0 = Debug|Any CPU
		{C96D9FDC-4DF3-44FA-861A-A52B98E76FD5}.Release|Any CPU.ActiveCfg = Release|Any CPU
		{C96D9FDC-4DF3-44FA-861A-A52B98E76FD5}.Release|Any CPU.Build.0 = Release|Any CPU
	EndGlobalSection
	GlobalSection(SolutionProperties) = preSolution
		HideSolutionNode = FALSE
	EndGlobalSection
	GlobalSection(ExtensibilityGlobals) = postSolution
		SolutionGuid = {3126308B-1048-4E34-B775-1D5400D43E23}
	EndGlobalSection
EndGlobal
