
Microsoft Visual Studio Solution File, Format Version 12.00
# Visual Studio Version 16
VisualStudioVersion = 16.0.28922.388
MinimumVisualStudioVersion = 10.0.40219.1
Project("{FAE04EC0-301F-11D3-BF4B-00C04F79EFBC}") = "Rokos", "Rokos\Rokos.csproj", "{839CCE62-1425-4A5D-A794-417DD7A57D8C}"
EndProject
Global
	GlobalSection(SolutionConfigurationPlatforms) = preSolution
		Debug|Any CPU = Debug|Any CPU
		Release|Any CPU = Release|Any CPU
	EndGlobalSection
	GlobalSection(ProjectConfigurationPlatforms) = postSolution
		{839CCE62-1425-4A5D-A794-417DD7A57D8C}.Debug|Any CPU.ActiveCfg = Debug|Any CPU
		{839CCE62-1425-4A5D-A794-417DD7A57D8C}.Debug|Any CPU.Build.0 = Debug|Any CPU
		{839CCE62-1425-4A5D-A794-417DD7A57D8C}.Release|Any CPU.ActiveCfg = Release|Any CPU
		{839CCE62-1425-4A5D-A794-417DD7A57D8C}.Release|Any CPU.Build.0 = Release|Any CPU
	EndGlobalSection
	GlobalSection(SolutionProperties) = preSolution
		HideSolutionNode = FALSE
	EndGlobalSection
	GlobalSection(ExtensibilityGlobals) = postSolution
		SolutionGuid = {922A8440-CE67-4391-9121-55FC1BFB0F8C}
	EndGlobalSection
EndGlobal
