
Microsoft Visual Studio Solution File, Format Version 12.00
# Visual Studio Version 16
VisualStudioVersion = 16.0.28803.202
MinimumVisualStudioVersion = 10.0.40219.1
Project("{FAE04EC0-301F-11D3-BF4B-00C04F79EFBC}") = "MostCommonValue", "MostCommonValue\MostCommonValue.csproj", "{FECD2F61-DAF5-4194-A0FA-82CA1FA5ED85}"
EndProject
Global
	GlobalSection(SolutionConfigurationPlatforms) = preSolution
		Debug|Any CPU = Debug|Any CPU
		Release|Any CPU = Release|Any CPU
	EndGlobalSection
	GlobalSection(ProjectConfigurationPlatforms) = postSolution
		{FECD2F61-DAF5-4194-A0FA-82CA1FA5ED85}.Debug|Any CPU.ActiveCfg = Debug|Any CPU
		{FECD2F61-DAF5-4194-A0FA-82CA1FA5ED85}.Debug|Any CPU.Build.0 = Debug|Any CPU
		{FECD2F61-DAF5-4194-A0FA-82CA1FA5ED85}.Release|Any CPU.ActiveCfg = Release|Any CPU
		{FECD2F61-DAF5-4194-A0FA-82CA1FA5ED85}.Release|Any CPU.Build.0 = Release|Any CPU
	EndGlobalSection
	GlobalSection(SolutionProperties) = preSolution
		HideSolutionNode = FALSE
	EndGlobalSection
	GlobalSection(ExtensibilityGlobals) = postSolution
		SolutionGuid = {7466D898-260B-4214-B324-839E6E95BD5F}
	EndGlobalSection
EndGlobal
